
Microsoft Visual Studio Solution File, Format Version 12.00
# Visual Studio 15
Project("{FAE04EC0-301F-11D3-BF4B-00C04F79EFBC}") = "UnityEngine.UI", "UnityEngine.UI.csproj", "{3E301558-F151-20D5-42AA-8C18284E2416}"
EndProject
Project("{FAE04EC0-301F-11D3-BF4B-00C04F79EFBC}") = "Mirror", "Mirror.csproj", "{17A9C62A-4E73-C513-1DD7-FE3CF8906365}"
EndProject
Project("{FAE04EC0-301F-11D3-BF4B-00C04F79EFBC}") = "SimpleWebTransport", "SimpleWebTransport.csproj", "{6CC3C9F4-1703-A00B-C4EA-C72DA480E682}"
EndProject
Project("{FAE04EC0-301F-11D3-BF4B-00C04F79EFBC}") = "Mirror.Examples", "Mirror.Examples.csproj", "{9EB9C761-47CC-1419-8348-EF6278215B80}"
EndProject
Project("{FAE04EC0-301F-11D3-BF4B-00C04F79EFBC}") = "Assembly-CSharp", "Assembly-CSharp.csproj", "{D0DA94B4-F05B-33A0-D399-CC84D949F134}"
EndProject
Project("{FAE04EC0-301F-11D3-BF4B-00C04F79EFBC}") = "Mirror.Components", "Mirror.Components.csproj", "{A763DDF8-55A5-BDA9-B25B-A5CE9F46EDA1}"
EndProject
Project("{FAE04EC0-301F-11D3-BF4B-00C04F79EFBC}") = "Assembly-CSharp-firstpass", "Assembly-CSharp-firstpass.csproj", "{B46ACAB2-2D7E-F402-96D3-60460D4444D7}"
EndProject
Project("{FAE04EC0-301F-11D3-BF4B-00C04F79EFBC}") = "Tayx.Graphy", "Tayx.Graphy.csproj", "{827C37BB-0780-44B7-FC1A-FC4A89F8FFD7}"
EndProject
Project("{FAE04EC0-301F-11D3-BF4B-00C04F79EFBC}") = "kcp2k", "kcp2k.csproj", "{4EB4C1D8-0EF8-6739-E826-C7DF4A6A43E9}"
EndProject
Project("{FAE04EC0-301F-11D3-BF4B-00C04F79EFBC}") = "Telepathy", "Telepathy.csproj", "{5622E29A-6945-D18D-7A91-378A8AC4715C}"
EndProject
Project("{FAE04EC0-301F-11D3-BF4B-00C04F79EFBC}") = "Mirror.Authenticators", "Mirror.Authenticators.csproj", "{67AACF9D-504F-FCE8-E895-9018CBA29E90}"
EndProject
Project("{FAE04EC0-301F-11D3-BF4B-00C04F79EFBC}") = "where-allocations", "where-allocations.csproj", "{FB20EF78-F6B2-4BEA-80BD-7BA5A0DE509B}"
EndProject
Project("{FAE04EC0-301F-11D3-BF4B-00C04F79EFBC}") = "UnityEditor.UI", "UnityEditor.UI.csproj", "{2A59D7BB-EB2D-0E10-6AC4-0655CB1637A4}"
EndProject
Project("{FAE04EC0-301F-11D3-BF4B-00C04F79EFBC}") = "Unity.Mirror.CodeGen", "Unity.Mirror.CodeGen.csproj", "{130D5E2F-F34E-31B7-3F99-20FAB8F79256}"
EndProject
Project("{FAE04EC0-301F-11D3-BF4B-00C04F79EFBC}") = "Mirror.Editor", "Mirror.Editor.csproj", "{B96A3A03-CF1C-B6AD-AD39-01BF86F31A58}"
EndProject
Project("{FAE04EC0-301F-11D3-BF4B-00C04F79EFBC}") = "Assembly-CSharp-Editor", "Assembly-CSharp-Editor.csproj", "{17684465-7FBC-C0C7-97E5-EE67B9692BAE}"
EndProject
Project("{FAE04EC0-301F-11D3-BF4B-00C04F79EFBC}") = "Mirror.CompilerSymbols", "Mirror.CompilerSymbols.csproj", "{4A7750EB-F1C8-81FF-C651-FC560DE6D554}"
EndProject
Project("{FAE04EC0-301F-11D3-BF4B-00C04F79EFBC}") = "Tayx.Graphy.Editor", "Tayx.Graphy.Editor.csproj", "{BE6DA2B6-DF21-2B8F-BCC3-5C62F0325CA4}"
EndProject
Project("{FAE04EC0-301F-11D3-BF4B-00C04F79EFBC}") = "Assembly-CSharp-Editor-firstpass", "Assembly-CSharp-Editor-firstpass.csproj", "{7811F899-CF63-E040-7E40-279D47B77781}"
EndProject
Global
	GlobalSection(SolutionConfigurationPlatforms) = preSolution
		Debug|Any CPU = Debug|Any CPU
		Release|Any CPU = Release|Any CPU
	EndGlobalSection
	GlobalSection(ProjectConfigurationPlatforms) = postSolution
		{3E301558-F151-20D5-42AA-8C18284E2416}.Debug|Any CPU.ActiveCfg = Debug|Any CPU
		{3E301558-F151-20D5-42AA-8C18284E2416}.Debug|Any CPU.Build.0 = Debug|Any CPU
		{3E301558-F151-20D5-42AA-8C18284E2416}.Release|Any CPU.ActiveCfg = Release|Any CPU
		{3E301558-F151-20D5-42AA-8C18284E2416}.Release|Any CPU.Build.0 = Release|Any CPU
		{17A9C62A-4E73-C513-1DD7-FE3CF8906365}.Debug|Any CPU.ActiveCfg = Debug|Any CPU
		{17A9C62A-4E73-C513-1DD7-FE3CF8906365}.Debug|Any CPU.Build.0 = Debug|Any CPU
		{17A9C62A-4E73-C513-1DD7-FE3CF8906365}.Release|Any CPU.ActiveCfg = Release|Any CPU
		{17A9C62A-4E73-C513-1DD7-FE3CF8906365}.Release|Any CPU.Build.0 = Release|Any CPU
		{6CC3C9F4-1703-A00B-C4EA-C72DA480E682}.Debug|Any CPU.ActiveCfg = Debug|Any CPU
		{6CC3C9F4-1703-A00B-C4EA-C72DA480E682}.Debug|Any CPU.Build.0 = Debug|Any CPU
		{6CC3C9F4-1703-A00B-C4EA-C72DA480E682}.Release|Any CPU.ActiveCfg = Release|Any CPU
		{6CC3C9F4-1703-A00B-C4EA-C72DA480E682}.Release|Any CPU.Build.0 = Release|Any CPU
		{9EB9C761-47CC-1419-8348-EF6278215B80}.Debug|Any CPU.ActiveCfg = Debug|Any CPU
		{9EB9C761-47CC-1419-8348-EF6278215B80}.Debug|Any CPU.Build.0 = Debug|Any CPU
		{9EB9C761-47CC-1419-8348-EF6278215B80}.Release|Any CPU.ActiveCfg = Release|Any CPU
		{9EB9C761-47CC-1419-8348-EF6278215B80}.Release|Any CPU.Build.0 = Release|Any CPU
		{D0DA94B4-F05B-33A0-D399-CC84D949F134}.Debug|Any CPU.ActiveCfg = Debug|Any CPU
		{D0DA94B4-F05B-33A0-D399-CC84D949F134}.Debug|Any CPU.Build.0 = Debug|Any CPU
		{D0DA94B4-F05B-33A0-D399-CC84D949F134}.Release|Any CPU.ActiveCfg = Release|Any CPU
		{D0DA94B4-F05B-33A0-D399-CC84D949F134}.Release|Any CPU.Build.0 = Release|Any CPU
		{A763DDF8-55A5-BDA9-B25B-A5CE9F46EDA1}.Debug|Any CPU.ActiveCfg = Debug|Any CPU
		{A763DDF8-55A5-BDA9-B25B-A5CE9F46EDA1}.Debug|Any CPU.Build.0 = Debug|Any CPU
		{A763DDF8-55A5-BDA9-B25B-A5CE9F46EDA1}.Release|Any CPU.ActiveCfg = Release|Any CPU
		{A763DDF8-55A5-BDA9-B25B-A5CE9F46EDA1}.Release|Any CPU.Build.0 = Release|Any CPU
		{B46ACAB2-2D7E-F402-96D3-60460D4444D7}.Debug|Any CPU.ActiveCfg = Debug|Any CPU
		{B46ACAB2-2D7E-F402-96D3-60460D4444D7}.Debug|Any CPU.Build.0 = Debug|Any CPU
		{B46ACAB2-2D7E-F402-96D3-60460D4444D7}.Release|Any CPU.ActiveCfg = Release|Any CPU
		{B46ACAB2-2D7E-F402-96D3-60460D4444D7}.Release|Any CPU.Build.0 = Release|Any CPU
		{827C37BB-0780-44B7-FC1A-FC4A89F8FFD7}.Debug|Any CPU.ActiveCfg = Debug|Any CPU
		{827C37BB-0780-44B7-FC1A-FC4A89F8FFD7}.Debug|Any CPU.Build.0 = Debug|Any CPU
		{827C37BB-0780-44B7-FC1A-FC4A89F8FFD7}.Release|Any CPU.ActiveCfg = Release|Any CPU
		{827C37BB-0780-44B7-FC1A-FC4A89F8FFD7}.Release|Any CPU.Build.0 = Release|Any CPU
		{4EB4C1D8-0EF8-6739-E826-C7DF4A6A43E9}.Debug|Any CPU.ActiveCfg = Debug|Any CPU
		{4EB4C1D8-0EF8-6739-E826-C7DF4A6A43E9}.Debug|Any CPU.Build.0 = Debug|Any CPU
		{4EB4C1D8-0EF8-6739-E826-C7DF4A6A43E9}.Release|Any CPU.ActiveCfg = Release|Any CPU
		{4EB4C1D8-0EF8-6739-E826-C7DF4A6A43E9}.Release|Any CPU.Build.0 = Release|Any CPU
		{5622E29A-6945-D18D-7A91-378A8AC4715C}.Debug|Any CPU.ActiveCfg = Debug|Any CPU
		{5622E29A-6945-D18D-7A91-378A8AC4715C}.Debug|Any CPU.Build.0 = Debug|Any CPU
		{5622E29A-6945-D18D-7A91-378A8AC4715C}.Release|Any CPU.ActiveCfg = Release|Any CPU
		{5622E29A-6945-D18D-7A91-378A8AC4715C}.Release|Any CPU.Build.0 = Release|Any CPU
		{67AACF9D-504F-FCE8-E895-9018CBA29E90}.Debug|Any CPU.ActiveCfg = Debug|Any CPU
		{67AACF9D-504F-FCE8-E895-9018CBA29E90}.Debug|Any CPU.Build.0 = Debug|Any CPU
		{67AACF9D-504F-FCE8-E895-9018CBA29E90}.Release|Any CPU.ActiveCfg = Release|Any CPU
		{67AACF9D-504F-FCE8-E895-9018CBA29E90}.Release|Any CPU.Build.0 = Release|Any CPU
		{FB20EF78-F6B2-4BEA-80BD-7BA5A0DE509B}.Debug|Any CPU.ActiveCfg = Debug|Any CPU
		{FB20EF78-F6B2-4BEA-80BD-7BA5A0DE509B}.Debug|Any CPU.Build.0 = Debug|Any CPU
		{FB20EF78-F6B2-4BEA-80BD-7BA5A0DE509B}.Release|Any CPU.ActiveCfg = Release|Any CPU
		{FB20EF78-F6B2-4BEA-80BD-7BA5A0DE509B}.Release|Any CPU.Build.0 = Release|Any CPU
		{2A59D7BB-EB2D-0E10-6AC4-0655CB1637A4}.Debug|Any CPU.ActiveCfg = Debug|Any CPU
		{2A59D7BB-EB2D-0E10-6AC4-0655CB1637A4}.Debug|Any CPU.Build.0 = Debug|Any CPU
		{2A59D7BB-EB2D-0E10-6AC4-0655CB1637A4}.Release|Any CPU.ActiveCfg = Release|Any CPU
		{2A59D7BB-EB2D-0E10-6AC4-0655CB1637A4}.Release|Any CPU.Build.0 = Release|Any CPU
		{130D5E2F-F34E-31B7-3F99-20FAB8F79256}.Debug|Any CPU.ActiveCfg = Debug|Any CPU
		{130D5E2F-F34E-31B7-3F99-20FAB8F79256}.Debug|Any CPU.Build.0 = Debug|Any CPU
		{130D5E2F-F34E-31B7-3F99-20FAB8F79256}.Release|Any CPU.ActiveCfg = Release|Any CPU
		{130D5E2F-F34E-31B7-3F99-20FAB8F79256}.Release|Any CPU.Build.0 = Release|Any CPU
		{B96A3A03-CF1C-B6AD-AD39-01BF86F31A58}.Debug|Any CPU.ActiveCfg = Debug|Any CPU
		{B96A3A03-CF1C-B6AD-AD39-01BF86F31A58}.Debug|Any CPU.Build.0 = Debug|Any CPU
		{B96A3A03-CF1C-B6AD-AD39-01BF86F31A58}.Release|Any CPU.ActiveCfg = Release|Any CPU
		{B96A3A03-CF1C-B6AD-AD39-01BF86F31A58}.Release|Any CPU.Build.0 = Release|Any CPU
		{17684465-7FBC-C0C7-97E5-EE67B9692BAE}.Debug|Any CPU.ActiveCfg = Debug|Any CPU
		{17684465-7FBC-C0C7-97E5-EE67B9692BAE}.Debug|Any CPU.Build.0 = Debug|Any CPU
		{17684465-7FBC-C0C7-97E5-EE67B9692BAE}.Release|Any CPU.ActiveCfg = Release|Any CPU
		{17684465-7FBC-C0C7-97E5-EE67B9692BAE}.Release|Any CPU.Build.0 = Release|Any CPU
		{4A7750EB-F1C8-81FF-C651-FC560DE6D554}.Debug|Any CPU.ActiveCfg = Debug|Any CPU
		{4A7750EB-F1C8-81FF-C651-FC560DE6D554}.Debug|Any CPU.Build.0 = Debug|Any CPU
		{4A7750EB-F1C8-81FF-C651-FC560DE6D554}.Release|Any CPU.ActiveCfg = Release|Any CPU
		{4A7750EB-F1C8-81FF-C651-FC560DE6D554}.Release|Any CPU.Build.0 = Release|Any CPU
		{BE6DA2B6-DF21-2B8F-BCC3-5C62F0325CA4}.Debug|Any CPU.ActiveCfg = Debug|Any CPU
		{BE6DA2B6-DF21-2B8F-BCC3-5C62F0325CA4}.Debug|Any CPU.Build.0 = Debug|Any CPU
		{BE6DA2B6-DF21-2B8F-BCC3-5C62F0325CA4}.Release|Any CPU.ActiveCfg = Release|Any CPU
		{BE6DA2B6-DF21-2B8F-BCC3-5C62F0325CA4}.Release|Any CPU.Build.0 = Release|Any CPU
		{7811F899-CF63-E040-7E40-279D47B77781}.Debug|Any CPU.ActiveCfg = Debug|Any CPU
		{7811F899-CF63-E040-7E40-279D47B77781}.Debug|Any CPU.Build.0 = Debug|Any CPU
		{7811F899-CF63-E040-7E40-279D47B77781}.Release|Any CPU.ActiveCfg = Release|Any CPU
		{7811F899-CF63-E040-7E40-279D47B77781}.Release|Any CPU.Build.0 = Release|Any CPU
	EndGlobalSection
	GlobalSection(SolutionProperties) = preSolution
		HideSolutionNode = FALSE
	EndGlobalSection
EndGlobal
